
Microsoft Visual Studio Solution File, Format Version 11.00
# Visual Studio 2010
Project("{FAE04EC0-301F-11D3-BF4B-00C04F79EFBC}") = "Google.XR.ARCoreExtensions.Editor", "Google.XR.ARCoreExtensions.Editor.csproj", "{afea1161-e28f-9dd8-4a2a-84a5c5517c89}"
EndProject
Project("{FAE04EC0-301F-11D3-BF4B-00C04F79EFBC}") = "Assembly-CSharp", "Assembly-CSharp.csproj", "{231a258f-658e-3a33-47b0-aede15992167}"
EndProject
Project("{FAE04EC0-301F-11D3-BF4B-00C04F79EFBC}") = "Google.XR.ARCoreExtensions.GeospatialCreator", "Google.XR.ARCoreExtensions.GeospatialCreator.csproj", "{85ed619f-b132-8b30-7d4d-a95a6e7cd9f5}"
EndProject
Project("{FAE04EC0-301F-11D3-BF4B-00C04F79EFBC}") = "Google.XR.ARCoreExtensions.GeospatialCreator.Editor", "Google.XR.ARCoreExtensions.GeospatialCreator.Editor.csproj", "{7ca07e4a-8362-cbe7-08e7-cb7588ebffb4}"
EndProject
Project("{FAE04EC0-301F-11D3-BF4B-00C04F79EFBC}") = "Google.XR.ARCoreExtensions", "Google.XR.ARCoreExtensions.csproj", "{7026473e-7994-ad3e-6305-aa9b8c214145}"
EndProject
Project("{FAE04EC0-301F-11D3-BF4B-00C04F79EFBC}") = "Assembly-CSharp-Editor", "Assembly-CSharp-Editor.csproj", "{6029d213-7c2a-2479-b9b7-e697987e0c50}"
EndProject
Project("{FAE04EC0-301F-11D3-BF4B-00C04F79EFBC}") = "Assembly-CSharp-firstpass", "Assembly-CSharp-firstpass.csproj", "{15317f11-7dbf-c3eb-ecac-516510d4639b}"
EndProject
Global
	GlobalSection(SolutionConfigurationPlatforms) = preSolution
		Debug|Any CPU = Debug|Any CPU
	EndGlobalSection
	GlobalSection(ProjectConfigurationPlatforms) = postSolution
		{afea1161-e28f-9dd8-4a2a-84a5c5517c89}.Debug|Any CPU.ActiveCfg = Debug|Any CPU
		{afea1161-e28f-9dd8-4a2a-84a5c5517c89}.Debug|Any CPU.Build.0 = Debug|Any CPU
		{231a258f-658e-3a33-47b0-aede15992167}.Debug|Any CPU.ActiveCfg = Debug|Any CPU
		{231a258f-658e-3a33-47b0-aede15992167}.Debug|Any CPU.Build.0 = Debug|Any CPU
		{85ed619f-b132-8b30-7d4d-a95a6e7cd9f5}.Debug|Any CPU.ActiveCfg = Debug|Any CPU
		{85ed619f-b132-8b30-7d4d-a95a6e7cd9f5}.Debug|Any CPU.Build.0 = Debug|Any CPU
		{7ca07e4a-8362-cbe7-08e7-cb7588ebffb4}.Debug|Any CPU.ActiveCfg = Debug|Any CPU
		{7ca07e4a-8362-cbe7-08e7-cb7588ebffb4}.Debug|Any CPU.Build.0 = Debug|Any CPU
		{7026473e-7994-ad3e-6305-aa9b8c214145}.Debug|Any CPU.ActiveCfg = Debug|Any CPU
		{7026473e-7994-ad3e-6305-aa9b8c214145}.Debug|Any CPU.Build.0 = Debug|Any CPU
		{6029d213-7c2a-2479-b9b7-e697987e0c50}.Debug|Any CPU.ActiveCfg = Debug|Any CPU
		{6029d213-7c2a-2479-b9b7-e697987e0c50}.Debug|Any CPU.Build.0 = Debug|Any CPU
		{15317f11-7dbf-c3eb-ecac-516510d4639b}.Debug|Any CPU.ActiveCfg = Debug|Any CPU
		{15317f11-7dbf-c3eb-ecac-516510d4639b}.Debug|Any CPU.Build.0 = Debug|Any CPU
	EndGlobalSection
	GlobalSection(SolutionProperties) = preSolution
		HideSolutionNode = FALSE
	EndGlobalSection
EndGlobal
